# THIS IS AN AUTOGENERATED FILE. DO NOT EDIT THIS FILE DIRECTLY.
# yarn lockfile v1


"promise-file-read@git+https://github.com/lucentminds/promise-file-read.git":
  version "0.0.1"
  resolved "git+https://github.com/lucentminds/promise-file-read.git#6812b43009c1408b76005b5549ff447b736f98da"
  dependencies:
    promise-resolve-path "git+https://github.com/lucentminds/promise-resolve-path.git"

"promise-file-write@git+https://github.com/lucentminds/promise-file-write.git":
  version "0.0.1"
  resolved "git+https://github.com/lucentminds/promise-file-write.git#bef2819f4847bbbf9bf60675769125fdc5a6f163"
  dependencies:
    promise-resolve-path "git+https://github.com/lucentminds/promise-resolve-path.git"
    q ">=1.4.1"

"promise-resolve-path@git+https://github.com/lucentminds/promise-resolve-path.git":
  version "0.0.1"
  resolved "git+https://github.com/lucentminds/promise-resolve-path.git#8c0fba1fd34d59b7f7b39fa207ad5c1914d84246"
  dependencies:
    q ">=1.4.1"

q@>=1.4.1:
  version "1.5.1"
  resolved "https://registry.yarnpkg.com/q/-/q-1.5.1.tgz#7e32f75b41381291d04611f1bf14109ac00651d7"
  integrity sha1-fjL3W0E4EpHQRhHxvxQQmsAGUdc=
